
Microsoft Visual Studio Solution File, Format Version 12.00
# Visual Studio Version 16
VisualStudioVersion = 16.0.31205.134
MinimumVisualStudioVersion = 10.0.40219.1
Project("{FAE04EC0-301F-11D3-BF4B-00C04F79EFBC}") = "N2_Ecommerce_adventure", "N2_Ecommerce_adventure\N2_Ecommerce_adventure.csproj", "{92F1FF23-65EC-47FF-8D15-7106EACA3DE7}"
EndProject
Global
	GlobalSection(SolutionConfigurationPlatforms) = preSolution
		Debug|Any CPU = Debug|Any CPU
		Release|Any CPU = Release|Any CPU
	EndGlobalSection
	GlobalSection(ProjectConfigurationPlatforms) = postSolution
		{92F1FF23-65EC-47FF-8D15-7106EACA3DE7}.Debug|Any CPU.ActiveCfg = Debug|Any CPU
		{92F1FF23-65EC-47FF-8D15-7106EACA3DE7}.Debug|Any CPU.Build.0 = Debug|Any CPU
		{92F1FF23-65EC-47FF-8D15-7106EACA3DE7}.Release|Any CPU.ActiveCfg = Release|Any CPU
		{92F1FF23-65EC-47FF-8D15-7106EACA3DE7}.Release|Any CPU.Build.0 = Release|Any CPU
	EndGlobalSection
	GlobalSection(SolutionProperties) = preSolution
		HideSolutionNode = FALSE
	EndGlobalSection
	GlobalSection(ExtensibilityGlobals) = postSolution
		SolutionGuid = {03DC795C-F827-43D2-BA97-B9BF0FF9B811}
	EndGlobalSection
EndGlobal
